
Microsoft Visual Studio Solution File, Format Version 12.00
# Visual Studio 14
VisualStudioVersion = 14.0.25420.1
MinimumVisualStudioVersion = 10.0.40219.1
Project("{FAE04EC0-301F-11D3-BF4B-00C04F79EFBC}") = "QFA.Android", "QFA\QFA.Android\QFA.Android.csproj", "{C7F5B34E-5015-49B1-95CA-3B7B810A4914}"
EndProject
Project("{FAE04EC0-301F-11D3-BF4B-00C04F79EFBC}") = "QFA", "QFA\QFA\QFA.csproj", "{70A692EC-E95C-41DE-A1D6-7AA82F35C10B}"
EndProject
Project("{FAE04EC0-301F-11D3-BF4B-00C04F79EFBC}") = "QFA.UWP", "QFA\QFA.UWP\QFA.UWP.csproj", "{6376C3EA-9C2E-4F70-A580-DF22CB9A4BCA}"
EndProject
Project("{FAE04EC0-301F-11D3-BF4B-00C04F79EFBC}") = "QFA.iOS", "QFA\QFA.iOS\QFA.iOS.csproj", "{B25520BA-D160-4597-9DE3-488843CEAD48}"
EndProject
Global
	GlobalSection(SolutionConfigurationPlatforms) = preSolution
		Ad-Hoc|Any CPU = Ad-Hoc|Any CPU
		Ad-Hoc|ARM = Ad-Hoc|ARM
		Ad-Hoc|iPhone = Ad-Hoc|iPhone
		Ad-Hoc|iPhoneSimulator = Ad-Hoc|iPhoneSimulator
		Ad-Hoc|x64 = Ad-Hoc|x64
		Ad-Hoc|x86 = Ad-Hoc|x86
		AppStore|Any CPU = AppStore|Any CPU
		AppStore|ARM = AppStore|ARM
		AppStore|iPhone = AppStore|iPhone
		AppStore|iPhoneSimulator = AppStore|iPhoneSimulator
		AppStore|x64 = AppStore|x64
		AppStore|x86 = AppStore|x86
		Debug|Any CPU = Debug|Any CPU
		Debug|ARM = Debug|ARM
		Debug|iPhone = Debug|iPhone
		Debug|iPhoneSimulator = Debug|iPhoneSimulator
		Debug|x64 = Debug|x64
		Debug|x86 = Debug|x86
		Release|Any CPU = Release|Any CPU
		Release|ARM = Release|ARM
		Release|iPhone = Release|iPhone
		Release|iPhoneSimulator = Release|iPhoneSimulator
		Release|x64 = Release|x64
		Release|x86 = Release|x86
	EndGlobalSection
	GlobalSection(ProjectConfigurationPlatforms) = postSolution
		{C7F5B34E-5015-49B1-95CA-3B7B810A4914}.Ad-Hoc|Any CPU.ActiveCfg = Release|Any CPU
		{C7F5B34E-5015-49B1-95CA-3B7B810A4914}.Ad-Hoc|Any CPU.Build.0 = Release|Any CPU
		{C7F5B34E-5015-49B1-95CA-3B7B810A4914}.Ad-Hoc|Any CPU.Deploy.0 = Release|Any CPU
		{C7F5B34E-5015-49B1-95CA-3B7B810A4914}.Ad-Hoc|ARM.ActiveCfg = Release|Any CPU
		{C7F5B34E-5015-49B1-95CA-3B7B810A4914}.Ad-Hoc|ARM.Build.0 = Release|Any CPU
		{C7F5B34E-5015-49B1-95CA-3B7B810A4914}.Ad-Hoc|ARM.Deploy.0 = Release|Any CPU
		{C7F5B34E-5015-49B1-95CA-3B7B810A4914}.Ad-Hoc|iPhone.ActiveCfg = Release|Any CPU
		{C7F5B34E-5015-49B1-95CA-3B7B810A4914}.Ad-Hoc|iPhone.Build.0 = Release|Any CPU
		{C7F5B34E-5015-49B1-95CA-3B7B810A4914}.Ad-Hoc|iPhone.Deploy.0 = Release|Any CPU
		{C7F5B34E-5015-49B1-95CA-3B7B810A4914}.Ad-Hoc|iPhoneSimulator.ActiveCfg = Release|Any CPU
		{C7F5B34E-5015-49B1-95CA-3B7B810A4914}.Ad-Hoc|iPhoneSimulator.Build.0 = Release|Any CPU
		{C7F5B34E-5015-49B1-95CA-3B7B810A4914}.Ad-Hoc|iPhoneSimulator.Deploy.0 = Release|Any CPU
		{C7F5B34E-5015-49B1-95CA-3B7B810A4914}.Ad-Hoc|x64.ActiveCfg = Release|Any CPU
		{C7F5B34E-5015-49B1-95CA-3B7B810A4914}.Ad-Hoc|x64.Build.0 = Release|Any CPU
		{C7F5B34E-5015-49B1-95CA-3B7B810A4914}.Ad-Hoc|x64.Deploy.0 = Release|Any CPU
		{C7F5B34E-5015-49B1-95CA-3B7B810A4914}.Ad-Hoc|x86.ActiveCfg = Release|Any CPU
		{C7F5B34E-5015-49B1-95CA-3B7B810A4914}.Ad-Hoc|x86.Build.0 = Release|Any CPU
		{C7F5B34E-5015-49B1-95CA-3B7B810A4914}.Ad-Hoc|x86.Deploy.0 = Release|Any CPU
		{C7F5B34E-5015-49B1-95CA-3B7B810A4914}.AppStore|Any CPU.ActiveCfg = Release|Any CPU
		{C7F5B34E-5015-49B1-95CA-3B7B810A4914}.AppStore|Any CPU.Build.0 = Release|Any CPU
		{C7F5B34E-5015-49B1-95CA-3B7B810A4914}.AppStore|Any CPU.Deploy.0 = Release|Any CPU
		{C7F5B34E-5015-49B1-95CA-3B7B810A4914}.AppStore|ARM.ActiveCfg = Release|Any CPU
		{C7F5B34E-5015-49B1-95CA-3B7B810A4914}.AppStore|ARM.Build.0 = Release|Any CPU
		{C7F5B34E-5015-49B1-95CA-3B7B810A4914}.AppStore|ARM.Deploy.0 = Release|Any CPU
		{C7F5B34E-5015-49B1-95CA-3B7B810A4914}.AppStore|iPhone.ActiveCfg = Release|Any CPU
		{C7F5B34E-5015-49B1-95CA-3B7B810A4914}.AppStore|iPhone.Build.0 = Release|Any CPU
		{C7F5B34E-5015-49B1-95CA-3B7B810A4914}.AppStore|iPhone.Deploy.0 = Release|Any CPU
		{C7F5B34E-5015-49B1-95CA-3B7B810A4914}.AppStore|iPhoneSimulator.ActiveCfg = Release|Any CPU
		{C7F5B34E-5015-49B1-95CA-3B7B810A4914}.AppStore|iPhoneSimulator.Build.0 = Release|Any CPU
		{C7F5B34E-5015-49B1-95CA-3B7B810A4914}.AppStore|iPhoneSimulator.Deploy.0 = Release|Any CPU
		{C7F5B34E-5015-49B1-95CA-3B7B810A4914}.AppStore|x64.ActiveCfg = Release|Any CPU
		{C7F5B34E-5015-49B1-95CA-3B7B810A4914}.AppStore|x64.Build.0 = Release|Any CPU
		{C7F5B34E-5015-49B1-95CA-3B7B810A4914}.AppStore|x64.Deploy.0 = Release|Any CPU
		{C7F5B34E-5015-49B1-95CA-3B7B810A4914}.AppStore|x86.ActiveCfg = Release|Any CPU
		{C7F5B34E-5015-49B1-95CA-3B7B810A4914}.AppStore|x86.Build.0 = Release|Any CPU
		{C7F5B34E-5015-49B1-95CA-3B7B810A4914}.AppStore|x86.Deploy.0 = Release|Any CPU
		{C7F5B34E-5015-49B1-95CA-3B7B810A4914}.Debug|Any CPU.ActiveCfg = Debug|Any CPU
		{C7F5B34E-5015-49B1-95CA-3B7B810A4914}.Debug|Any CPU.Build.0 = Debug|Any CPU
		{C7F5B34E-5015-49B1-95CA-3B7B810A4914}.Debug|Any CPU.Deploy.0 = Debug|Any CPU
		{C7F5B34E-5015-49B1-95CA-3B7B810A4914}.Debug|ARM.ActiveCfg = Debug|Any CPU
		{C7F5B34E-5015-49B1-95CA-3B7B810A4914}.Debug|ARM.Build.0 = Debug|Any CPU
		{C7F5B34E-5015-49B1-95CA-3B7B810A4914}.Debug|ARM.Deploy.0 = Debug|Any CPU
		{C7F5B34E-5015-49B1-95CA-3B7B810A4914}.Debug|iPhone.ActiveCfg = Debug|Any CPU
		{C7F5B34E-5015-49B1-95CA-3B7B810A4914}.Debug|iPhone.Build.0 = Debug|Any CPU
		{C7F5B34E-5015-49B1-95CA-3B7B810A4914}.Debug|iPhone.Deploy.0 = Debug|Any CPU
		{C7F5B34E-5015-49B1-95CA-3B7B810A4914}.Debug|iPhoneSimulator.ActiveCfg = Debug|Any CPU
		{C7F5B34E-5015-49B1-95CA-3B7B810A4914}.Debug|iPhoneSimulator.Build.0 = Debug|Any CPU
		{C7F5B34E-5015-49B1-95CA-3B7B810A4914}.Debug|iPhoneSimulator.Deploy.0 = Debug|Any CPU
		{C7F5B34E-5015-49B1-95CA-3B7B810A4914}.Debug|x64.ActiveCfg = Debug|Any CPU
		{C7F5B34E-5015-49B1-95CA-3B7B810A4914}.Debug|x64.Build.0 = Debug|Any CPU
		{C7F5B34E-5015-49B1-95CA-3B7B810A4914}.Debug|x64.Deploy.0 = Debug|Any CPU
		{C7F5B34E-5015-49B1-95CA-3B7B810A4914}.Debug|x86.ActiveCfg = Debug|Any CPU
		{C7F5B34E-5015-49B1-95CA-3B7B810A4914}.Debug|x86.Build.0 = Debug|Any CPU
		{C7F5B34E-5015-49B1-95CA-3B7B810A4914}.Debug|x86.Deploy.0 = Debug|Any CPU
		{C7F5B34E-5015-49B1-95CA-3B7B810A4914}.Release|Any CPU.ActiveCfg = Release|Any CPU
		{C7F5B34E-5015-49B1-95CA-3B7B810A4914}.Release|Any CPU.Build.0 = Release|Any CPU
		{C7F5B34E-5015-49B1-95CA-3B7B810A4914}.Release|Any CPU.Deploy.0 = Release|Any CPU
		{C7F5B34E-5015-49B1-95CA-3B7B810A4914}.Release|ARM.ActiveCfg = Release|Any CPU
		{C7F5B34E-5015-49B1-95CA-3B7B810A4914}.Release|ARM.Build.0 = Release|Any CPU
		{C7F5B34E-5015-49B1-95CA-3B7B810A4914}.Release|ARM.Deploy.0 = Release|Any CPU
		{C7F5B34E-5015-49B1-95CA-3B7B810A4914}.Release|iPhone.ActiveCfg = Release|Any CPU
		{C7F5B34E-5015-49B1-95CA-3B7B810A4914}.Release|iPhone.Build.0 = Release|Any CPU
		{C7F5B34E-5015-49B1-95CA-3B7B810A4914}.Release|iPhone.Deploy.0 = Release|Any CPU
		{C7F5B34E-5015-49B1-95CA-3B7B810A4914}.Release|iPhoneSimulator.ActiveCfg = Release|Any CPU
		{C7F5B34E-5015-49B1-95CA-3B7B810A4914}.Release|iPhoneSimulator.Build.0 = Release|Any CPU
		{C7F5B34E-5015-49B1-95CA-3B7B810A4914}.Release|iPhoneSimulator.Deploy.0 = Release|Any CPU
		{C7F5B34E-5015-49B1-95CA-3B7B810A4914}.Release|x64.ActiveCfg = Release|Any CPU
		{C7F5B34E-5015-49B1-95CA-3B7B810A4914}.Release|x64.Build.0 = Release|Any CPU
		{C7F5B34E-5015-49B1-95CA-3B7B810A4914}.Release|x64.Deploy.0 = Release|Any CPU
		{C7F5B34E-5015-49B1-95CA-3B7B810A4914}.Release|x86.ActiveCfg = Release|Any CPU
		{C7F5B34E-5015-49B1-95CA-3B7B810A4914}.Release|x86.Build.0 = Release|Any CPU
		{C7F5B34E-5015-49B1-95CA-3B7B810A4914}.Release|x86.Deploy.0 = Release|Any CPU
		{70A692EC-E95C-41DE-A1D6-7AA82F35C10B}.Ad-Hoc|Any CPU.ActiveCfg = Release|Any CPU
		{70A692EC-E95C-41DE-A1D6-7AA82F35C10B}.Ad-Hoc|Any CPU.Build.0 = Release|Any CPU
		{70A692EC-E95C-41DE-A1D6-7AA82F35C10B}.Ad-Hoc|ARM.ActiveCfg = Release|Any CPU
		{70A692EC-E95C-41DE-A1D6-7AA82F35C10B}.Ad-Hoc|ARM.Build.0 = Release|Any CPU
		{70A692EC-E95C-41DE-A1D6-7AA82F35C10B}.Ad-Hoc|iPhone.ActiveCfg = Release|Any CPU
		{70A692EC-E95C-41DE-A1D6-7AA82F35C10B}.Ad-Hoc|iPhone.Build.0 = Release|Any CPU
		{70A692EC-E95C-41DE-A1D6-7AA82F35C10B}.Ad-Hoc|iPhoneSimulator.ActiveCfg = Release|Any CPU
		{70A692EC-E95C-41DE-A1D6-7AA82F35C10B}.Ad-Hoc|iPhoneSimulator.Build.0 = Release|Any CPU
		{70A692EC-E95C-41DE-A1D6-7AA82F35C10B}.Ad-Hoc|x64.ActiveCfg = Release|Any CPU
		{70A692EC-E95C-41DE-A1D6-7AA82F35C10B}.Ad-Hoc|x64.Build.0 = Release|Any CPU
		{70A692EC-E95C-41DE-A1D6-7AA82F35C10B}.Ad-Hoc|x86.ActiveCfg = Release|Any CPU
		{70A692EC-E95C-41DE-A1D6-7AA82F35C10B}.Ad-Hoc|x86.Build.0 = Release|Any CPU
		{70A692EC-E95C-41DE-A1D6-7AA82F35C10B}.AppStore|Any CPU.ActiveCfg = Release|Any CPU
		{70A692EC-E95C-41DE-A1D6-7AA82F35C10B}.AppStore|Any CPU.Build.0 = Release|Any CPU
		{70A692EC-E95C-41DE-A1D6-7AA82F35C10B}.AppStore|ARM.ActiveCfg = Release|Any CPU
		{70A692EC-E95C-41DE-A1D6-7AA82F35C10B}.AppStore|ARM.Build.0 = Release|Any CPU
		{70A692EC-E95C-41DE-A1D6-7AA82F35C10B}.AppStore|iPhone.ActiveCfg = Release|Any CPU
		{70A692EC-E95C-41DE-A1D6-7AA82F35C10B}.AppStore|iPhone.Build.0 = Release|Any CPU
		{70A692EC-E95C-41DE-A1D6-7AA82F35C10B}.AppStore|iPhoneSimulator.ActiveCfg = Release|Any CPU
		{70A692EC-E95C-41DE-A1D6-7AA82F35C10B}.AppStore|iPhoneSimulator.Build.0 = Release|Any CPU
		{70A692EC-E95C-41DE-A1D6-7AA82F35C10B}.AppStore|x64.ActiveCfg = Release|Any CPU
		{70A692EC-E95C-41DE-A1D6-7AA82F35C10B}.AppStore|x64.Build.0 = Release|Any CPU
		{70A692EC-E95C-41DE-A1D6-7AA82F35C10B}.AppStore|x86.ActiveCfg = Release|Any CPU
		{70A692EC-E95C-41DE-A1D6-7AA82F35C10B}.AppStore|x86.Build.0 = Release|Any CPU
		{70A692EC-E95C-41DE-A1D6-7AA82F35C10B}.Debug|Any CPU.ActiveCfg = Debug|Any CPU
		{70A692EC-E95C-41DE-A1D6-7AA82F35C10B}.Debug|Any CPU.Build.0 = Debug|Any CPU
		{70A692EC-E95C-41DE-A1D6-7AA82F35C10B}.Debug|ARM.ActiveCfg = Debug|Any CPU
		{70A692EC-E95C-41DE-A1D6-7AA82F35C10B}.Debug|ARM.Build.0 = Debug|Any CPU
		{70A692EC-E95C-41DE-A1D6-7AA82F35C10B}.Debug|iPhone.ActiveCfg = Debug|Any CPU
		{70A692EC-E95C-41DE-A1D6-7AA82F35C10B}.Debug|iPhone.Build.0 = Debug|Any CPU
		{70A692EC-E95C-41DE-A1D6-7AA82F35C10B}.Debug|iPhoneSimulator.ActiveCfg = Debug|Any CPU
		{70A692EC-E95C-41DE-A1D6-7AA82F35C10B}.Debug|iPhoneSimulator.Build.0 = Debug|Any CPU
		{70A692EC-E95C-41DE-A1D6-7AA82F35C10B}.Debug|x64.ActiveCfg = Debug|Any CPU
		{70A692EC-E95C-41DE-A1D6-7AA82F35C10B}.Debug|x64.Build.0 = Debug|Any CPU
		{70A692EC-E95C-41DE-A1D6-7AA82F35C10B}.Debug|x86.ActiveCfg = Debug|Any CPU
		{70A692EC-E95C-41DE-A1D6-7AA82F35C10B}.Debug|x86.Build.0 = Debug|Any CPU
		{70A692EC-E95C-41DE-A1D6-7AA82F35C10B}.Release|Any CPU.ActiveCfg = Release|Any CPU
		{70A692EC-E95C-41DE-A1D6-7AA82F35C10B}.Release|Any CPU.Build.0 = Release|Any CPU
		{70A692EC-E95C-41DE-A1D6-7AA82F35C10B}.Release|ARM.ActiveCfg = Release|Any CPU
		{70A692EC-E95C-41DE-A1D6-7AA82F35C10B}.Release|ARM.Build.0 = Release|Any CPU
		{70A692EC-E95C-41DE-A1D6-7AA82F35C10B}.Release|iPhone.ActiveCfg = Release|Any CPU
		{70A692EC-E95C-41DE-A1D6-7AA82F35C10B}.Release|iPhone.Build.0 = Release|Any CPU
		{70A692EC-E95C-41DE-A1D6-7AA82F35C10B}.Release|iPhoneSimulator.ActiveCfg = Release|Any CPU
		{70A692EC-E95C-41DE-A1D6-7AA82F35C10B}.Release|iPhoneSimulator.Build.0 = Release|Any CPU
		{70A692EC-E95C-41DE-A1D6-7AA82F35C10B}.Release|x64.ActiveCfg = Release|Any CPU
		{70A692EC-E95C-41DE-A1D6-7AA82F35C10B}.Release|x64.Build.0 = Release|Any CPU
		{70A692EC-E95C-41DE-A1D6-7AA82F35C10B}.Release|x86.ActiveCfg = Release|Any CPU
		{70A692EC-E95C-41DE-A1D6-7AA82F35C10B}.Release|x86.Build.0 = Release|Any CPU
		{6376C3EA-9C2E-4F70-A580-DF22CB9A4BCA}.Ad-Hoc|Any CPU.ActiveCfg = Release|x86
		{6376C3EA-9C2E-4F70-A580-DF22CB9A4BCA}.Ad-Hoc|Any CPU.Build.0 = Release|x86
		{6376C3EA-9C2E-4F70-A580-DF22CB9A4BCA}.Ad-Hoc|Any CPU.Deploy.0 = Release|x86
		{6376C3EA-9C2E-4F70-A580-DF22CB9A4BCA}.Ad-Hoc|ARM.ActiveCfg = Release|ARM
		{6376C3EA-9C2E-4F70-A580-DF22CB9A4BCA}.Ad-Hoc|ARM.Build.0 = Release|ARM
		{6376C3EA-9C2E-4F70-A580-DF22CB9A4BCA}.Ad-Hoc|ARM.Deploy.0 = Release|ARM
		{6376C3EA-9C2E-4F70-A580-DF22CB9A4BCA}.Ad-Hoc|iPhone.ActiveCfg = Release|x86
		{6376C3EA-9C2E-4F70-A580-DF22CB9A4BCA}.Ad-Hoc|iPhone.Build.0 = Release|x86
		{6376C3EA-9C2E-4F70-A580-DF22CB9A4BCA}.Ad-Hoc|iPhone.Deploy.0 = Release|x86
		{6376C3EA-9C2E-4F70-A580-DF22CB9A4BCA}.Ad-Hoc|iPhoneSimulator.ActiveCfg = Release|x86
		{6376C3EA-9C2E-4F70-A580-DF22CB9A4BCA}.Ad-Hoc|iPhoneSimulator.Build.0 = Release|x86
		{6376C3EA-9C2E-4F70-A580-DF22CB9A4BCA}.Ad-Hoc|iPhoneSimulator.Deploy.0 = Release|x86
		{6376C3EA-9C2E-4F70-A580-DF22CB9A4BCA}.Ad-Hoc|x64.ActiveCfg = Release|x64
		{6376C3EA-9C2E-4F70-A580-DF22CB9A4BCA}.Ad-Hoc|x64.Build.0 = Release|x64
		{6376C3EA-9C2E-4F70-A580-DF22CB9A4BCA}.Ad-Hoc|x64.Deploy.0 = Release|x64
		{6376C3EA-9C2E-4F70-A580-DF22CB9A4BCA}.Ad-Hoc|x86.ActiveCfg = Release|x86
		{6376C3EA-9C2E-4F70-A580-DF22CB9A4BCA}.Ad-Hoc|x86.Build.0 = Release|x86
		{6376C3EA-9C2E-4F70-A580-DF22CB9A4BCA}.Ad-Hoc|x86.Deploy.0 = Release|x86
		{6376C3EA-9C2E-4F70-A580-DF22CB9A4BCA}.AppStore|Any CPU.ActiveCfg = Release|x86
		{6376C3EA-9C2E-4F70-A580-DF22CB9A4BCA}.AppStore|Any CPU.Build.0 = Release|x86
		{6376C3EA-9C2E-4F70-A580-DF22CB9A4BCA}.AppStore|Any CPU.Deploy.0 = Release|x86
		{6376C3EA-9C2E-4F70-A580-DF22CB9A4BCA}.AppStore|ARM.ActiveCfg = Release|ARM
		{6376C3EA-9C2E-4F70-A580-DF22CB9A4BCA}.AppStore|ARM.Build.0 = Release|ARM
		{6376C3EA-9C2E-4F70-A580-DF22CB9A4BCA}.AppStore|ARM.Deploy.0 = Release|ARM
		{6376C3EA-9C2E-4F70-A580-DF22CB9A4BCA}.AppStore|iPhone.ActiveCfg = Release|x86
		{6376C3EA-9C2E-4F70-A580-DF22CB9A4BCA}.AppStore|iPhone.Build.0 = Release|x86
		{6376C3EA-9C2E-4F70-A580-DF22CB9A4BCA}.AppStore|iPhone.Deploy.0 = Release|x86
		{6376C3EA-9C2E-4F70-A580-DF22CB9A4BCA}.AppStore|iPhoneSimulator.ActiveCfg = Release|x86
		{6376C3EA-9C2E-4F70-A580-DF22CB9A4BCA}.AppStore|iPhoneSimulator.Build.0 = Release|x86
		{6376C3EA-9C2E-4F70-A580-DF22CB9A4BCA}.AppStore|iPhoneSimulator.Deploy.0 = Release|x86
		{6376C3EA-9C2E-4F70-A580-DF22CB9A4BCA}.AppStore|x64.ActiveCfg = Release|x64
		{6376C3EA-9C2E-4F70-A580-DF22CB9A4BCA}.AppStore|x64.Build.0 = Release|x64
		{6376C3EA-9C2E-4F70-A580-DF22CB9A4BCA}.AppStore|x64.Deploy.0 = Release|x64
		{6376C3EA-9C2E-4F70-A580-DF22CB9A4BCA}.AppStore|x86.ActiveCfg = Release|x86
		{6376C3EA-9C2E-4F70-A580-DF22CB9A4BCA}.AppStore|x86.Build.0 = Release|x86
		{6376C3EA-9C2E-4F70-A580-DF22CB9A4BCA}.AppStore|x86.Deploy.0 = Release|x86
		{6376C3EA-9C2E-4F70-A580-DF22CB9A4BCA}.Debug|Any CPU.ActiveCfg = Debug|x86
		{6376C3EA-9C2E-4F70-A580-DF22CB9A4BCA}.Debug|ARM.ActiveCfg = Debug|ARM
		{6376C3EA-9C2E-4F70-A580-DF22CB9A4BCA}.Debug|ARM.Build.0 = Debug|ARM
		{6376C3EA-9C2E-4F70-A580-DF22CB9A4BCA}.Debug|ARM.Deploy.0 = Debug|ARM
		{6376C3EA-9C2E-4F70-A580-DF22CB9A4BCA}.Debug|iPhone.ActiveCfg = Debug|x86
		{6376C3EA-9C2E-4F70-A580-DF22CB9A4BCA}.Debug|iPhoneSimulator.ActiveCfg = Debug|x86
		{6376C3EA-9C2E-4F70-A580-DF22CB9A4BCA}.Debug|x64.ActiveCfg = Debug|x64
		{6376C3EA-9C2E-4F70-A580-DF22CB9A4BCA}.Debug|x64.Build.0 = Debug|x64
		{6376C3EA-9C2E-4F70-A580-DF22CB9A4BCA}.Debug|x64.Deploy.0 = Debug|x64
		{6376C3EA-9C2E-4F70-A580-DF22CB9A4BCA}.Debug|x86.ActiveCfg = Debug|x86
		{6376C3EA-9C2E-4F70-A580-DF22CB9A4BCA}.Debug|x86.Build.0 = Debug|x86
		{6376C3EA-9C2E-4F70-A580-DF22CB9A4BCA}.Debug|x86.Deploy.0 = Debug|x86
		{6376C3EA-9C2E-4F70-A580-DF22CB9A4BCA}.Release|Any CPU.ActiveCfg = Release|x86
		{6376C3EA-9C2E-4F70-A580-DF22CB9A4BCA}.Release|ARM.ActiveCfg = Release|ARM
		{6376C3EA-9C2E-4F70-A580-DF22CB9A4BCA}.Release|ARM.Build.0 = Release|ARM
		{6376C3EA-9C2E-4F70-A580-DF22CB9A4BCA}.Release|ARM.Deploy.0 = Release|ARM
		{6376C3EA-9C2E-4F70-A580-DF22CB9A4BCA}.Release|iPhone.ActiveCfg = Release|x86
		{6376C3EA-9C2E-4F70-A580-DF22CB9A4BCA}.Release|iPhoneSimulator.ActiveCfg = Release|x86
		{6376C3EA-9C2E-4F70-A580-DF22CB9A4BCA}.Release|x64.ActiveCfg = Release|x64
		{6376C3EA-9C2E-4F70-A580-DF22CB9A4BCA}.Release|x64.Build.0 = Release|x64
		{6376C3EA-9C2E-4F70-A580-DF22CB9A4BCA}.Release|x64.Deploy.0 = Release|x64
		{6376C3EA-9C2E-4F70-A580-DF22CB9A4BCA}.Release|x86.ActiveCfg = Release|x86
		{6376C3EA-9C2E-4F70-A580-DF22CB9A4BCA}.Release|x86.Build.0 = Release|x86
		{6376C3EA-9C2E-4F70-A580-DF22CB9A4BCA}.Release|x86.Deploy.0 = Release|x86
		{B25520BA-D160-4597-9DE3-488843CEAD48}.Ad-Hoc|Any CPU.ActiveCfg = Ad-Hoc|iPhone
		{B25520BA-D160-4597-9DE3-488843CEAD48}.Ad-Hoc|ARM.ActiveCfg = Ad-Hoc|iPhone
		{B25520BA-D160-4597-9DE3-488843CEAD48}.Ad-Hoc|iPhone.ActiveCfg = Ad-Hoc|iPhone
		{B25520BA-D160-4597-9DE3-488843CEAD48}.Ad-Hoc|iPhone.Build.0 = Ad-Hoc|iPhone
		{B25520BA-D160-4597-9DE3-488843CEAD48}.Ad-Hoc|iPhoneSimulator.ActiveCfg = Ad-Hoc|iPhoneSimulator
		{B25520BA-D160-4597-9DE3-488843CEAD48}.Ad-Hoc|iPhoneSimulator.Build.0 = Ad-Hoc|iPhoneSimulator
		{B25520BA-D160-4597-9DE3-488843CEAD48}.Ad-Hoc|x64.ActiveCfg = Ad-Hoc|iPhone
		{B25520BA-D160-4597-9DE3-488843CEAD48}.Ad-Hoc|x86.ActiveCfg = Ad-Hoc|iPhone
		{B25520BA-D160-4597-9DE3-488843CEAD48}.AppStore|Any CPU.ActiveCfg = AppStore|iPhone
		{B25520BA-D160-4597-9DE3-488843CEAD48}.AppStore|ARM.ActiveCfg = AppStore|iPhone
		{B25520BA-D160-4597-9DE3-488843CEAD48}.AppStore|iPhone.ActiveCfg = AppStore|iPhone
		{B25520BA-D160-4597-9DE3-488843CEAD48}.AppStore|iPhone.Build.0 = AppStore|iPhone
		{B25520BA-D160-4597-9DE3-488843CEAD48}.AppStore|iPhoneSimulator.ActiveCfg = AppStore|iPhoneSimulator
		{B25520BA-D160-4597-9DE3-488843CEAD48}.AppStore|iPhoneSimulator.Build.0 = AppStore|iPhoneSimulator
		{B25520BA-D160-4597-9DE3-488843CEAD48}.AppStore|x64.ActiveCfg = AppStore|iPhone
		{B25520BA-D160-4597-9DE3-488843CEAD48}.AppStore|x86.ActiveCfg = AppStore|iPhone
		{B25520BA-D160-4597-9DE3-488843CEAD48}.Debug|Any CPU.ActiveCfg = Debug|iPhone
		{B25520BA-D160-4597-9DE3-488843CEAD48}.Debug|ARM.ActiveCfg = Debug|iPhone
		{B25520BA-D160-4597-9DE3-488843CEAD48}.Debug|iPhone.ActiveCfg = Debug|iPhone
		{B25520BA-D160-4597-9DE3-488843CEAD48}.Debug|iPhone.Build.0 = Debug|iPhone
		{B25520BA-D160-4597-9DE3-488843CEAD48}.Debug|iPhoneSimulator.ActiveCfg = Debug|iPhoneSimulator
		{B25520BA-D160-4597-9DE3-488843CEAD48}.Debug|iPhoneSimulator.Build.0 = Debug|iPhoneSimulator
		{B25520BA-D160-4597-9DE3-488843CEAD48}.Debug|x64.ActiveCfg = Debug|iPhone
		{B25520BA-D160-4597-9DE3-488843CEAD48}.Debug|x86.ActiveCfg = Debug|iPhone
		{B25520BA-D160-4597-9DE3-488843CEAD48}.Release|Any CPU.ActiveCfg = Release|iPhone
		{B25520BA-D160-4597-9DE3-488843CEAD48}.Release|ARM.ActiveCfg = Release|iPhone
		{B25520BA-D160-4597-9DE3-488843CEAD48}.Release|iPhone.ActiveCfg = Release|iPhone
		{B25520BA-D160-4597-9DE3-488843CEAD48}.Release|iPhone.Build.0 = Release|iPhone
		{B25520BA-D160-4597-9DE3-488843CEAD48}.Release|iPhoneSimulator.ActiveCfg = Release|iPhoneSimulator
		{B25520BA-D160-4597-9DE3-488843CEAD48}.Release|iPhoneSimulator.Build.0 = Release|iPhoneSimulator
		{B25520BA-D160-4597-9DE3-488843CEAD48}.Release|x64.ActiveCfg = Release|iPhone
		{B25520BA-D160-4597-9DE3-488843CEAD48}.Release|x86.ActiveCfg = Release|iPhone
	EndGlobalSection
	GlobalSection(SolutionProperties) = preSolution
		HideSolutionNode = FALSE
	EndGlobalSection
EndGlobal
